
Microsoft Visual Studio Solution File, Format Version 12.00
# Visual Studio 2015
Project("{FAE04EC0-301F-11D3-BF4B-00C04F79EFBC}") = "NAJAMA", "NAJAMA.csproj", "{3429AF6C-8A95-8AFD-450C-AC3E6232841B}"
EndProject
Global
	GlobalSection(SolutionConfigurationPlatforms) = preSolution
		Debug|Any CPU = Debug|Any CPU
		Release|Any CPU = Release|Any CPU
	EndGlobalSection
	GlobalSection(ProjectConfigurationPlatforms) = postSolution
		{3429AF6C-8A95-8AFD-450C-AC3E6232841B}.Debug|Any CPU.ActiveCfg = Debug|Any CPU
		{3429AF6C-8A95-8AFD-450C-AC3E6232841B}.Debug|Any CPU.Build.0 = Debug|Any CPU
		{3429AF6C-8A95-8AFD-450C-AC3E6232841B}.Release|Any CPU.ActiveCfg = Release|Any CPU
		{3429AF6C-8A95-8AFD-450C-AC3E6232841B}.Release|Any CPU.Build.0 = Release|Any CPU
	EndGlobalSection
	GlobalSection(SolutionProperties) = preSolution
		HideSolutionNode = FALSE
	EndGlobalSection
EndGlobal
